
Microsoft Visual Studio Solution File, Format Version 12.00
# Visual Studio Version 17
VisualStudioVersion = 17.7.34221.43
MinimumVisualStudioVersion = 10.0.40219.1
Project("{FAE04EC0-301F-11D3-BF4B-00C04F79EFBC}") = "mobile-remote-server", "mobile-remote-server\mobile-remote-server.csproj", "{F01E278F-B41D-478B-BF39-F9CD8DA563E6}"
EndProject
Global
	GlobalSection(SolutionConfigurationPlatforms) = preSolution
		Debug|Any CPU = Debug|Any CPU
		Release|Any CPU = Release|Any CPU
	EndGlobalSection
	GlobalSection(ProjectConfigurationPlatforms) = postSolution
		{F01E278F-B41D-478B-BF39-F9CD8DA563E6}.Debug|Any CPU.ActiveCfg = Debug|Any CPU
		{F01E278F-B41D-478B-BF39-F9CD8DA563E6}.Debug|Any CPU.Build.0 = Debug|Any CPU
		{F01E278F-B41D-478B-BF39-F9CD8DA563E6}.Release|Any CPU.ActiveCfg = Release|Any CPU
		{F01E278F-B41D-478B-BF39-F9CD8DA563E6}.Release|Any CPU.Build.0 = Release|Any CPU
	EndGlobalSection
	GlobalSection(SolutionProperties) = preSolution
		HideSolutionNode = FALSE
	EndGlobalSection
	GlobalSection(ExtensibilityGlobals) = postSolution
		SolutionGuid = {8774B85F-2E06-43F7-BE7B-00006C514B58}
	EndGlobalSection
EndGlobal
